# This file is automatically @generated by Cargo.
# It is not intended for manual editing.
version = 4

[[package]]
name = "adler2"
version = "2.0.1"
source = "registry+https://github.com/rust-lang/crates.io-index"
checksum = "320119579fcad9c21884f5c4861d16174d0e06250625266f50fe6898340abefa"

[[package]]
name = "aho-corasick"
version = "1.1.5"
source = "registry+https://github.com/rust-lang/crates.io-index"
checksum = "c982642fa9e8606056828ee9a8505737230110bb1099153c79efe865c59d12ba"
dependencies = [
 "memchr",
]

[[package]]
name = "albedo-render"
version = "0.1.0"
dependencies = [
 "arborium",
 "arborium-highlight",
 "arborium-theme",
 "fontdue",
 "image",
 "png",
 "unicode-width",
]

[[package]]
name = "allocator-api2"
version = "0.2.21"
source = "registry+https://github.com/rust-lang/crates.io-index"
checksum = "683d7910e743518b0e34f1186f92494becacb047c7b6bf616c96772180fef923"

[[package]]
name = "arborium"
version = "2.18.2"
source = "registry+https://github.com/rust-lang/crates.io-index"
checksum = "230e826fe3204178030e420751396c99431e4611fc67af63baf7767b4317bd75"
dependencies = [
 "arborium-bash",
 "arborium-c",
 "arborium-c-sharp",
 "arborium-clojure",
 "arborium-cmake",
 "arborium-cpp",
 "arborium-css",
 "arborium-dart",
 "arborium-diff",
 "arborium-dockerfile",
 "arborium-elixir",
 "arborium-erlang",
 "arborium-fish",
 "arborium-gleam",
 "arborium-go",
 "arborium-haskell",
 "arborium-hcl",
 "arborium-highlight",
 "arborium-html",
 "arborium-ini",
 "arborium-java",
 "arborium-javascript",
 "arborium-json",
 "arborium-just",
 "arborium-kotlin",
 "arborium-lua",
 "arborium-make",
 "arborium-markdown",
 "arborium-nix",
 "arborium-ocaml",
 "arborium-php",
 "arborium-proto",
 "arborium-python",
 "arborium-ruby",
 "arborium-rust",
 "arborium-scala",
 "arborium-scss",
 "arborium-sql",
 "arborium-svelte",
 "arborium-swift",
 "arborium-theme",
 "arborium-toml",
 "arborium-tree-sitter",
 "arborium-tsx",
 "arborium-typescript",
 "arborium-vue",
 "arborium-xml",
 "arborium-yaml",
 "arborium-zig",
 "arborium-zsh",
 "dlmalloc",
]

[[package]]
name = "arborium-bash"
version = "2.18.2"
source = "registry+https://github.com/rust-lang/crates.io-index"
checksum = "ab2a2c191c27ee915e5ae65b619f9f7c1345565d511ce7761d30b4b243b2e333"
dependencies = [
 "arborium-sysroot",
 "cc",
 "tree-sitter-language",
]

[[package]]
name = "arborium-c"
version = "2.18.2"
source = "registry+https://github.com/rust-lang/crates.io-index"
checksum = "37615879a3956f8918d43be52c9c4d11d60af5b7bedabca87ab8b47f769fa8c7"
dependencies = [
 "arborium-sysroot",
 "cc",
 "tree-sitter-language",
]

[[package]]
name = "arborium-c-sharp"
version = "2.18.2"
source = "registry+https://github.com/rust-lang/crates.io-index"
checksum = "1da8f9108bf98f334190243c27080476b126c54981fe2cb9b04d4f25d092960e"
dependencies = [
 "arborium-sysroot",
 "cc",
 "tree-sitter-language",
]

[[package]]
name = "arborium-clojure"
version = "2.18.2"
source = "registry+https://github.com/rust-lang/crates.io-index"
checksum = "bc9d188f152dae834e9ae69694089028373cd9099a339666cd36385e6beda19f"
dependencies = [
 "arborium-sysroot",
 "cc",
 "tree-sitter-language",
]

[[package]]
name = "arborium-cmake"
version = "2.18.2"
source = "registry+https://github.com/rust-lang/crates.io-index"
checksum = "428a67eb72ef4bae3d59a588832ef34a6c22d0dc315ded3cbc5a74d01f855021"
dependencies = [
 "arborium-sysroot",
 "cc",
 "tree-sitter-language",
]

[[package]]
name = "arborium-cpp"
version = "2.18.2"
source = "registry+https://github.com/rust-lang/crates.io-index"
checksum = "736c482444d8d58e7f3cd8df7bc88bf6c4b450e9039a55c43b3aec39d6a805ce"
dependencies = [
 "arborium-c",
 "arborium-sysroot",
 "cc",
 "tree-sitter-language",
]

[[package]]
name = "arborium-css"
version = "2.18.2"
source = "registry+https://github.com/rust-lang/crates.io-index"
checksum = "d3bf02fc773bafaac2cdc27862d6eb52e86927e740c69e0d87b4123f2589b9af"
dependencies = [
 "arborium-sysroot",
 "cc",
 "tree-sitter-language",
]

[[package]]
name = "arborium-dart"
version = "2.18.2"
source = "registry+https://github.com/rust-lang/crates.io-index"
checksum = "3a8479324e58c3fa5953006e79a79bf74547bb12b618f3856c270e9808a7a34b"
dependencies = [
 "arborium-sysroot",
 "cc",
 "tree-sitter-language",
]

[[package]]
name = "arborium-diff"
version = "2.18.2"
source = "registry+https://github.com/rust-lang/crates.io-index"
checksum = "20f8e67cdf000ca1e099f71a28b32e17e9749fa27f2366c36eeb47c31ebee237"
dependencies = [
 "arborium-sysroot",
 "cc",
 "tree-sitter-language",
]

[[package]]
name = "arborium-dockerfile"
version = "2.18.2"
source = "registry+https://github.com/rust-lang/crates.io-index"
checksum = "54f567b2f106cea694126516b8ad20d44cddc40df8c16c77acf61ada303bfd9e"
dependencies = [
 "arborium-sysroot",
 "cc",
 "tree-sitter-language",
]

[[package]]
name = "arborium-elixir"
version = "2.18.2"
source = "registry+https://github.com/rust-lang/crates.io-index"
checksum = "ad30809acaa5d56cc1a660cf9684884d37f86f994d35d6238ba2e1eaf9b409c1"
dependencies = [
 "arborium-sysroot",
 "cc",
 "tree-sitter-language",
]

[[package]]
name = "arborium-erlang"
version = "2.18.2"
source = "registry+https://github.com/rust-lang/crates.io-index"
checksum = "4aa77f055957475a25051d32f291b9522e2466f22f976f7d94604788787e3fa6"
dependencies = [
 "arborium-sysroot",
 "cc",
 "tree-sitter-language",
]

[[package]]
name = "arborium-fish"
version = "2.18.2"
source = "registry+https://github.com/rust-lang/crates.io-index"
checksum = "3b657a121d90b62c3d278f2ba7c67790e62131931194236e11096e674196d203"
dependencies = [
 "arborium-sysroot",
 "cc",
 "tree-sitter-language",
]

[[package]]
name = "arborium-gleam"
version = "2.18.2"
source = "registry+https://github.com/rust-lang/crates.io-index"
checksum = "f56bdfb4669245eaf62355baf64d88d3f974f5116a445598cb1e5a43297544c9"
dependencies = [
 "arborium-sysroot",
 "cc",
 "tree-sitter-language",
]

[[package]]
name = "arborium-go"
version = "2.18.2"
source = "registry+https://github.com/rust-lang/crates.io-index"
checksum = "f297634bca52a796de2725149dc684c18286c78f0a096fa27d532f9627bb1e02"
dependencies = [
 "arborium-sysroot",
 "cc",
 "tree-sitter-language",
]

[[package]]
name = "arborium-haskell"
version = "2.18.2"
source = "registry+https://github.com/rust-lang/crates.io-index"
checksum = "67e7f4f0976568a87bedddeebd30724577674751fd275dab7c98c63616d9961c"
dependencies = [
 "arborium-sysroot",
 "cc",
 "tree-sitter-language",
]

[[package]]
name = "arborium-hcl"
version = "2.18.2"
source = "registry+https://github.com/rust-lang/crates.io-index"
checksum = "30dc0e04b767c8345c41cc96b350e0e991826ff340d973bd52b1f27fc7963a12"
dependencies = [
 "arborium-sysroot",
 "cc",
 "tree-sitter-language",
]

[[package]]
name = "arborium-highlight"
version = "2.18.2"
source = "registry+https://github.com/rust-lang/crates.io-index"
checksum = "cee400d694bd935c513c50f9b1fda469b6d9cd192d80fede7bfa9e5851a54cb8"
dependencies = [
 "arborium-theme",
 "arborium-tree-sitter",
 "streaming-iterator",
]

[[package]]
name = "arborium-html"
version = "2.18.2"
source = "registry+https://github.com/rust-lang/crates.io-index"
checksum = "6ed785a76d53a63ff144b26a68b789fe4d10169a5f683d573ee72f3234d8a9a4"
dependencies = [
 "arborium-css",
 "arborium-javascript",
 "arborium-sysroot",
 "cc",
 "tree-sitter-language",
]

[[package]]
name = "arborium-ini"
version = "2.18.2"
source = "registry+https://github.com/rust-lang/crates.io-index"
checksum = "e7023ba09a01b681ebac2d78c5d1747d58b548ec3cb010e16f852fe8e62ed869"
dependencies = [
 "arborium-sysroot",
 "cc",
 "tree-sitter-language",
]

[[package]]
name = "arborium-java"
version = "2.18.2"
source = "registry+https://github.com/rust-lang/crates.io-index"
checksum = "ad9a5d6a278548b7a18bbaf79600402c167cec39d3b63be86daa1f3756b52a82"
dependencies = [
 "arborium-sysroot",
 "cc",
 "tree-sitter-language",
]

[[package]]
name = "arborium-javascript"
version = "2.18.2"
source = "registry+https://github.com/rust-lang/crates.io-index"
checksum = "47b63db8c449ac227061f2bb4ed62673d85c3f567be8f01483b34f266298d061"
dependencies = [
 "arborium-jsdoc",
 "arborium-sysroot",
 "cc",
 "tree-sitter-language",
]

[[package]]
name = "arborium-jsdoc"
version = "2.18.2"
source = "registry+https://github.com/rust-lang/crates.io-index"
checksum = "73945c45bdbbed8c137556d3a833999463e707078ca877597756dc394689e8b5"
dependencies = [
 "arborium-sysroot",
 "cc",
 "tree-sitter-language",
]

[[package]]
name = "arborium-json"
version = "2.18.2"
source = "registry+https://github.com/rust-lang/crates.io-index"
checksum = "dd1167c5abde6c8d953cc20d88713006c94a009926d39e2217c68cbffbdbf7f0"
dependencies = [
 "arborium-sysroot",
 "cc",
 "tree-sitter-language",
]

[[package]]
name = "arborium-just"
version = "2.18.2"
source = "registry+https://github.com/rust-lang/crates.io-index"
checksum = "b9a22e90530661891ef9d7185c81c21b5f17a89629780317ced810210fe873e1"
dependencies = [
 "arborium-sysroot",
 "cc",
 "tree-sitter-language",
]

[[package]]
name = "arborium-kotlin"
version = "2.18.2"
source = "registry+https://github.com/rust-lang/crates.io-index"
checksum = "d2be9de4405957a7e6f9684d4774a8e743bb501ce5956d3e91da77e8e18a6fe6"
dependencies = [
 "arborium-sysroot",
 "cc",
 "tree-sitter-language",
]

[[package]]
name = "arborium-lua"
version = "2.18.2"
source = "registry+https://github.com/rust-lang/crates.io-index"
checksum = "d5ffae9459733aa8457f88e43672ccae485a77f09b15da83f8655d954c75365f"
dependencies = [
 "arborium-sysroot",
 "cc",
 "tree-sitter-language",
]

[[package]]
name = "arborium-make"
version = "2.18.2"
source = "registry+https://github.com/rust-lang/crates.io-index"
checksum = "1bed9575f27d799d26b522d101f50abdb7f4f06d6a7065dbed41a6834b5dfe21"
dependencies = [
 "arborium-sysroot",
 "cc",
 "tree-sitter-language",
]

[[package]]
name = "arborium-markdown"
version = "2.18.2"
source = "registry+https://github.com/rust-lang/crates.io-index"
checksum = "f672968e3cddfa59a2b2b7777489078d9d20b220696891eeb35a9f20e51b9312"
dependencies = [
 "arborium-html",
 "arborium-sysroot",
 "arborium-toml",
 "arborium-yaml",
 "cc",
 "tree-sitter-language",
]

[[package]]
name = "arborium-nix"
version = "2.18.2"
source = "registry+https://github.com/rust-lang/crates.io-index"
checksum = "8c89b161cf29773dff8abc46e0bed263ecd3195f7a4f17c9b1bc0903ec72602f"
dependencies = [
 "arborium-sysroot",
 "cc",
 "tree-sitter-language",
]

[[package]]
name = "arborium-ocaml"
version = "2.18.2"
source = "registry+https://github.com/rust-lang/crates.io-index"
checksum = "761307ca8598a125b78523bd3d802426f69ddfb549b616bfad55b31100545e1a"
dependencies = [
 "arborium-sysroot",
 "cc",
 "tree-sitter-language",
]

[[package]]
name = "arborium-php"
version = "2.18.2"
source = "registry+https://github.com/rust-lang/crates.io-index"
checksum = "1772da0cd2f525332a958f5ebda27eda35be22dfa82b052774b6162b2c20b359"
dependencies = [
 "arborium-sysroot",
 "cc",
 "tree-sitter-language",
]

[[package]]
name = "arborium-proto"
version = "2.18.2"
source = "registry+https://github.com/rust-lang/crates.io-index"
checksum = "b19631b348e2b41507bbd00e272c9e4962cac2f78ab371d55ec72d5a5bbe48c1"
dependencies = [
 "arborium-sysroot",
 "cc",
 "tree-sitter-language",
]

[[package]]
name = "arborium-python"
version = "2.18.2"
source = "registry+https://github.com/rust-lang/crates.io-index"
checksum = "4da0da209e87d12f5922c5a7c005883d48d06baf0bf9b5d05bbe607b532e599f"
dependencies = [
 "arborium-sysroot",
 "cc",
 "tree-sitter-language",
]

[[package]]
name = "arborium-ruby"
version = "2.18.2"
source = "registry+https://github.com/rust-lang/crates.io-index"
checksum = "9f791dc0377b8df659b98aed534dddfd4dcb591735cafd05b12e1e1ce3a859a9"
dependencies = [
 "arborium-sysroot",
 "cc",
 "tree-sitter-language",
]

[[package]]
name = "arborium-rust"
version = "2.18.2"
source = "registry+https://github.com/rust-lang/crates.io-index"
checksum = "8471397c67c4164b93d6a23ae80fb5b7af5dcc00fa9b143015efb1ea927ca8da"
dependencies = [
 "arborium-sysroot",
 "cc",
 "tree-sitter-language",
]

[[package]]
name = "arborium-scala"
version = "2.18.2"
source = "registry+https://github.com/rust-lang/crates.io-index"
checksum = "c02e14b416b76db7ede4935d5306e9ba5d42cd931396fb7ffc791de44ab46005"
dependencies = [
 "arborium-sysroot",
 "cc",
 "tree-sitter-language",
]

[[package]]
name = "arborium-scss"
version = "2.18.2"
source = "registry+https://github.com/rust-lang/crates.io-index"
checksum = "c5baa8a1fe94fdf3a32859d34fb5b0283bcc521cc08a62ca006c42d3dfad5780"
dependencies = [
 "arborium-css",
 "arborium-sysroot",
 "cc",
 "tree-sitter-language",
]

[[package]]
name = "arborium-sql"
version = "2.18.2"
source = "registry+https://github.com/rust-lang/crates.io-index"
checksum = "67ca021dab5e61d6eb07bad9cf40f5f5e0fb4c6f89f32aa14a1db07431d657f9"
dependencies = [
 "arborium-sysroot",
 "cc",
 "tree-sitter-language",
]

[[package]]
name = "arborium-svelte"
version = "2.18.2"
source = "registry+https://github.com/rust-lang/crates.io-index"
checksum = "4565e657b69d1120b4f808f2d0d4d9fd4cc0f52eb2d40e12fb13fce54670c1ee"
dependencies = [
 "arborium-css",
 "arborium-html",
 "arborium-javascript",
 "arborium-scss",
 "arborium-sysroot",
 "arborium-typescript",
 "cc",
 "tree-sitter-language",
]

[[package]]
name = "arborium-swift"
version = "2.18.2"
source = "registry+https://github.com/rust-lang/crates.io-index"
checksum = "db83273e075d168a853cb480805b0614803d43c20c7d5fc3f655dac836dd88e1"
dependencies = [
 "arborium-sysroot",
 "cc",
 "tree-sitter-language",
]

[[package]]
name = "arborium-sysroot"
version = "2.18.2"
source = "registry+https://github.com/rust-lang/crates.io-index"
checksum = "ddd9d120dd5df8b918cd96676a88f1233a66f10687d415b69f70b3396acddddf"
dependencies = [
 "cc",
 "dlmalloc",
]

[[package]]
name = "arborium-theme"
version = "2.18.2"
source = "registry+https://github.com/rust-lang/crates.io-index"
checksum = "042f9d025c80b2e625b4f0f10eda56a652444ef916025e855a292937bb8a949a"

[[package]]
name = "arborium-toml"
version = "2.18.2"
source = "registry+https://github.com/rust-lang/crates.io-index"
checksum = "a9f6144d675fbfe2e510c5886955581b6838eb613a3d1af4250ddf10de5bfa5d"
dependencies = [
 "arborium-sysroot",
 "cc",
 "tree-sitter-language",
]

[[package]]
name = "arborium-tree-sitter"
version = "2.18.2"
source = "registry+https://github.com/rust-lang/crates.io-index"
checksum = "bd8de97695c76508ab780e03bd1db009f5db8567c985f5da5ae91a2ad57ef2bc"
dependencies = [
 "arborium-sysroot",
 "cc",
 "regex",
 "regex-syntax",
 "streaming-iterator",
 "tree-sitter-language",
]

[[package]]
name = "arborium-tsx"
version = "2.18.2"
source = "registry+https://github.com/rust-lang/crates.io-index"
checksum = "d3533e40fe9f843290d4ff481c67ed1494595395fb60318dbc1da7e58bba42bb"
dependencies = [
 "arborium-javascript",
 "arborium-sysroot",
 "cc",
 "tree-sitter-language",
]

[[package]]
name = "arborium-typescript"
version = "2.18.2"
source = "registry+https://github.com/rust-lang/crates.io-index"
checksum = "0024689641490077765b291be46197f48d23e75cbade86768b1abed64d406ed1"
dependencies = [
 "arborium-javascript",
 "arborium-sysroot",
 "cc",
 "tree-sitter-language",
]

[[package]]
name = "arborium-vue"
version = "2.18.2"
source = "registry+https://github.com/rust-lang/crates.io-index"
checksum = "91feaa2706ff071f7e9c516d09436e68a25ef8871772b009098c6182a2ea7afb"
dependencies = [
 "arborium-css",
 "arborium-html",
 "arborium-javascript",
 "arborium-scss",
 "arborium-sysroot",
 "arborium-typescript",
 "cc",
 "tree-sitter-language",
]

[[package]]
name = "arborium-xml"
version = "2.18.2"
source = "registry+https://github.com/rust-lang/crates.io-index"
checksum = "d01fb3f68edd5d901632cfbc9aa02ba537e16aafc3eda4603573acb2aeef7ae3"
dependencies = [
 "arborium-sysroot",
 "cc",
 "tree-sitter-language",
]

[[package]]
name = "arborium-yaml"
version = "2.18.2"
source = "registry+https://github.com/rust-lang/crates.io-index"
checksum = "528f9c28a2703384a66079b18f29e990f1ed749014a6556242e7c14ed5b29ea9"
dependencies = [
 "arborium-sysroot",
 "cc",
 "tree-sitter-language",
]

[[package]]
name = "arborium-zig"
version = "2.18.2"
source = "registry+https://github.com/rust-lang/crates.io-index"
checksum = "2303afe531f320075135ee152c04dfd6703b2e20d071662539dd4df587aff995"
dependencies = [
 "arborium-sysroot",
 "cc",
 "tree-sitter-language",
]

[[package]]
name = "arborium-zsh"
version = "2.18.2"
source = "registry+https://github.com/rust-lang/crates.io-index"
checksum = "3e7f2e02c18813b556a0c3d0b64a10f40bf835b856ddb8058cf4840666c279d3"
dependencies = [
 "arborium-sysroot",
 "cc",
 "tree-sitter-language",
]

[[package]]
name = "autocfg"
version = "1.5.1"
source = "registry+https://github.com/rust-lang/crates.io-index"
checksum = "f2032f911046de80f0a198e0901378627c33f59ea0ac00e363d481118bd70a53"

[[package]]
name = "bitflags"
version = "2.13.2"
source = "registry+https://github.com/rust-lang/crates.io-index"
checksum = "3ded4057c258ba199e2d26386d3af3780957ecaee6c4ef4041c6b4b8b97c0b06"

[[package]]
name = "bytemuck"
version = "1.25.2"
source = "registry+https://github.com/rust-lang/crates.io-index"
checksum = "95832e849adfb21180ccb6826a99da14e5d266ae5c2e668e1602cf234f153797"

[[package]]
name = "byteorder-lite"
version = "0.1.0"
source = "registry+https://github.com/rust-lang/crates.io-index"
checksum = "8f1fe948ff07f4bd06c30984e69f5b4899c516a3ef74f34df92a2df2ab535495"

[[package]]
name = "cc"
version = "1.4.7"
source = "registry+https://github.com/rust-lang/crates.io-index"
checksum = "54413ede23c2daf518f35156dfde027feb2374004d63bd497f983c8db9c0e313"
dependencies = [
 "find-msvc-tools",
 "shlex",
]

[[package]]
name = "cfg-if"
version = "1.0.5"
source = "registry+https://github.com/rust-lang/crates.io-index"
checksum = "4e7648175b45a9a48536d676f68d918270699102aa8dab5496df06904c914600"

[[package]]
name = "core_maths"
version = "0.1.1"
source = "registry+https://github.com/rust-lang/crates.io-index"
checksum = "77745e017f5edba1a9c1d854f6f3a52dac8a12dd5af5d2f54aecf61e43d80d30"
dependencies = [
 "libm",
]

[[package]]
name = "crc32fast"
version = "1.5.2"
source = "registry+https://github.com/rust-lang/crates.io-index"
checksum = "01a7799fd6b852db0e61728dde9a204c423b44d689dbd432522543614b490e78"
dependencies = [
 "cfg-if",
]

[[package]]
name = "dlmalloc"
version = "0.2.14"
source = "registry+https://github.com/rust-lang/crates.io-index"
checksum = "ad5208a115eaba24916f7456929832e310a81518c641f93fee4f89aa93aa3675"
dependencies = [
 "cfg-if",
 "libc",
 "windows-sys",
]

[[package]]
name = "equivalent"
version = "1.0.2"
source = "registry+https://github.com/rust-lang/crates.io-index"
checksum = "877a4ace8713b0bcf2a4e7eec82529c029f1d0619886d18145fea96c3ffe5c0f"

[[package]]
name = "fdeflate"
version = "0.3.7"
source = "registry+https://github.com/rust-lang/crates.io-index"
checksum = "1e6853b52649d4ac5c0bd02320cddc5ba956bdb407c4b75a2c6b75bf51500f8c"
dependencies = [
 "simd-adler32",
]

[[package]]
name = "find-msvc-tools"
version = "0.1.13"
source = "registry+https://github.com/rust-lang/crates.io-index"
checksum = "ef25905e51abafe4dcea6c15fec58c57b601cdbd0ee53d22ea1d3016c587d39b"

[[package]]
name = "flate2"
version = "1.1.10"
source = "registry+https://github.com/rust-lang/crates.io-index"
checksum = "6e634e2e0ebac1ee034020da1ca582e17ffe4e0f5e985823721e168928136dcb"
dependencies = [
 "crc32fast",
 "miniz_oxide 0.9.1",
 "zlib-rs",
]

[[package]]
name = "foldhash"
version = "0.1.5"
source = "registry+https://github.com/rust-lang/crates.io-index"
checksum = "d9c4f5dac5e15c24eb999c26181a6ca40b39fe946cbe4c263c7209467bc83af2"

[[package]]
name = "fontdue"
version = "0.9.4"
source = "registry+https://github.com/rust-lang/crates.io-index"
checksum = "7894823fa221401399e2598f8b63f81ac77ff5c63248b7656779bff1632d7d3d"
dependencies = [
 "hashbrown",
 "ttf-parser",
]

[[package]]
name = "hashbrown"
version = "0.15.5"
source = "registry+https://github.com/rust-lang/crates.io-index"
checksum = "9229cfe53dfd69f0609a49f65461bd93001ea1ef889cd5529dd176593f5338a1"
dependencies = [
 "allocator-api2",
 "equivalent",
 "foldhash",
]

[[package]]
name = "image"
version = "0.25.10"
source = "registry+https://github.com/rust-lang/crates.io-index"
checksum = "85ab80394333c02fe689eaf900ab500fbd0c2213da414687ebf995a65d5a6104"
dependencies = [
 "bytemuck",
 "byteorder-lite",
 "image-webp",
 "moxcms",
 "num-traits",
 "png",
 "zune-core",
 "zune-jpeg",
]

[[package]]
name = "image-webp"
version = "0.2.4"
source = "registry+https://github.com/rust-lang/crates.io-index"
checksum = "525e9ff3e1a4be2fbea1fdf0e98686a6d98b4d8f937e1bf7402245af1909e8c3"
dependencies = [
 "byteorder-lite",
 "quick-error",
]

[[package]]
name = "libc"
version = "0.2.189"
source = "registry+https://github.com/rust-lang/crates.io-index"
checksum = "3eaf3ede3fee6db1a4c2ee091bf8a8b4dccdc6d17f656fb07896ee72867612f2"

[[package]]
name = "libm"
version = "0.2.16"
source = "registry+https://github.com/rust-lang/crates.io-index"
checksum = "b6d2cec3eae94f9f509c767b45932f1ada8350c4bdb85af2fcab4a3c14807981"

[[package]]
name = "memchr"
version = "2.8.3"
source = "registry+https://github.com/rust-lang/crates.io-index"
checksum = "cf8baf1c55e62ffcace7a9f06f4bd9cd3f0c4beb022d3b367256b91b87513d98"

[[package]]
name = "miniz_oxide"
version = "0.8.9"
source = "registry+https://github.com/rust-lang/crates.io-index"
checksum = "1fa76a2c86f704bdb222d66965fb3d63269ce38518b83cb0575fca855ebb6316"
dependencies = [
 "adler2",
 "simd-adler32",
]

[[package]]
name = "miniz_oxide"
version = "0.9.1"
source = "registry+https://github.com/rust-lang/crates.io-index"
checksum = "b63fbc4a50860e98e7b2aa7804ded1db5cbc3aff9193adaff57a6931bf7c4b4c"
dependencies = [
 "adler2",
 "simd-adler32",
]

[[package]]
name = "moxcms"
version = "0.8.1"
source = "registry+https://github.com/rust-lang/crates.io-index"
checksum = "bb85c154ba489f01b25c0d36ae69a87e4a1c73a72631fc6c0eb6dde34a73e44b"
dependencies = [
 "num-traits",
 "pxfm",
]

[[package]]
name = "num-traits"
version = "0.2.19"
source = "registry+https://github.com/rust-lang/crates.io-index"
checksum = "071dfc062690e90b734c0b2273ce72ad0ffa95f0c74596bc250dcfd960262841"
dependencies = [
 "autocfg",
]

[[package]]
name = "png"
version = "0.18.1"
source = "registry+https://github.com/rust-lang/crates.io-index"
checksum = "60769b8b31b2a9f263dae2776c37b1b28ae246943cf719eb6946a1db05128a61"
dependencies = [
 "bitflags",
 "crc32fast",
 "fdeflate",
 "flate2",
 "miniz_oxide 0.8.9",
]

[[package]]
name = "pxfm"
version = "0.1.30"
source = "registry+https://github.com/rust-lang/crates.io-index"
checksum = "d55d956fa96f5ec02be2e13af0e20391a5aa83d6a074e3ad368959d0fab299ea"

[[package]]
name = "quick-error"
version = "2.0.1"
source = "registry+https://github.com/rust-lang/crates.io-index"
checksum = "a993555f31e5a609f617c12db6250dedcac1b0a85076912c436e6fc9b2c8e6a3"

[[package]]
name = "regex"
version = "1.13.1"
source = "registry+https://github.com/rust-lang/crates.io-index"
checksum = "f020237b6c8eed93db2e2cb53c00c60a8e1bc73da7d073199a1180401450218d"
dependencies = [
 "aho-corasick",
 "memchr",
 "regex-automata",
 "regex-syntax",
]

[[package]]
name = "regex-automata"
version = "0.4.18"
source = "registry+https://github.com/rust-lang/crates.io-index"
checksum = "ad8553b9b26413251cbf30e620595c7a41b3887f03da04579c0e6b0d6a06b4b2"
dependencies = [
 "aho-corasick",
 "memchr",
 "regex-syntax",
]

[[package]]
name = "regex-syntax"
version = "0.8.11"
source = "registry+https://github.com/rust-lang/crates.io-index"
checksum = "d6f6ff9a378485b298a5286656da665ba74413d36db0979633275d2e708145d4"

[[package]]
name = "shlex"
version = "2.0.1"
source = "registry+https://github.com/rust-lang/crates.io-index"
checksum = "f8fadd59c855ef2080decdef8ff161eb6661b86933c9d82e5ba29dc602a55aba"

[[package]]
name = "simd-adler32"
version = "0.3.10"
source = "registry+https://github.com/rust-lang/crates.io-index"
checksum = "3a219298ac11a56ea9a6d2120044824d6f01aeb034955e7af7bc16858527deea"

[[package]]
name = "streaming-iterator"
version = "0.1.9"
source = "registry+https://github.com/rust-lang/crates.io-index"
checksum = "2b2231b7c3057d5e4ad0156fb3dc807d900806020c5ffa3ee6ff2c8c76fb8520"

[[package]]
name = "tree-sitter-language"
version = "0.1.8"
source = "registry+https://github.com/rust-lang/crates.io-index"
checksum = "ca0d1bf6fdd806e43ae5198f82f527056d359def39e54e67a0f478ac09dac081"

[[package]]
name = "ttf-parser"
version = "0.25.1"
source = "registry+https://github.com/rust-lang/crates.io-index"
checksum = "d2df906b07856748fa3f6e0ad0cbaa047052d4a7dd609e231c4f72cee8c36f31"
dependencies = [
 "core_maths",
]

[[package]]
name = "unicode-width"
version = "0.2.2"
source = "registry+https://github.com/rust-lang/crates.io-index"
checksum = "b4ac048d71ede7ee76d585517add45da530660ef4390e49b098733c6e897f254"

[[package]]
name = "windows-link"
version = "0.2.1"
source = "registry+https://github.com/rust-lang/crates.io-index"
checksum = "f0805222e57f7521d6a62e36fa9163bc891acd422f971defe97d64e70d0a4fe5"

[[package]]
name = "windows-sys"
version = "0.61.2"
source = "registry+https://github.com/rust-lang/crates.io-index"
checksum = "ae137229bcbd6cdf0f7b80a31df61766145077ddf49416a728b02cb3921ff3fc"
dependencies = [
 "windows-link",
]

[[package]]
name = "zlib-rs"
version = "0.6.8"
source = "registry+https://github.com/rust-lang/crates.io-index"
checksum = "b268e58e7c693d7c271f93ffc4ba3b380412554231c85bf61ca7af91042a4112"

[[package]]
name = "zune-core"
version = "0.5.3"
source = "registry+https://github.com/rust-lang/crates.io-index"
checksum = "d56377fd46368984a170bc5aac5567e52ca5da874caa60bea39fcbca78fb658b"

[[package]]
name = "zune-jpeg"
version = "0.5.15"
source = "registry+https://github.com/rust-lang/crates.io-index"
checksum = "27bc9d5b815bc103f142aa054f561d9187d191692ec7c2d1e2b4737f8dbd7296"
dependencies = [
 "zune-core",
]
