{
  "nodes": {
    "nixpkgs": {
      "locked": {
        "lastModified": 1790055231,
        "narHash": "sha256-QpXotokGh5eeMG1Njiuh27oP0rK6t5+cMp7ymXSs7mc=",
        "owner": "NixOS",
        "repo": "nixpkgs",
        "rev": "b6c98e9e6633ee64753b594ff4a5febf0367fc00",
        "type": "github"
      },
      "original": {
        "owner": "NixOS",
        "ref": "nixpkgs-unstable",
        "repo": "nixpkgs",
        "type": "github"
      }
    },
    "root": {
      "inputs": {
        "nixpkgs": "nixpkgs",
        "usage-core": "usage-core"
      }
    },
    "usage-core": {
      "flake": false,
      "locked": {
        "narHash": "sha256-UVsepzVfYIDXUsoAH4KRdAWkeFPylUurWWXFw2Ereqc=",
        "type": "file",
        "url": "https://api.next.tangled.org/xrpc/org.tangled.temp.git.getArchive?format=tar.gz&prefix=provide-usage-main&ref=1a4bff9&repo=did:plc:2lf7buutfnfcucljnmaypf7u"
      },
      "original": {
        "type": "file",
        "url": "https://api.next.tangled.org/xrpc/org.tangled.temp.git.getArchive?format=tar.gz&prefix=provide-usage-main&ref=1a4bff9&repo=did:plc:2lf7buutfnfcucljnmaypf7u"
      }
    }
  },
  "root": "root",
  "version": 7
}
